
Microsoft Visual Studio Solution File, Format Version 12.00
# Visual Studio Version 16
VisualStudioVersion = 16.0.31205.134
MinimumVisualStudioVersion = 10.0.40219.1
Project("{FAE04EC0-301F-11D3-BF4B-00C04F79EFBC}") = "Basic", "Basic\Basic.csproj", "{8D142222-E001-41D9-AF8F-DCCE20357966}"
EndProject
Global
	GlobalSection(SolutionConfigurationPlatforms) = preSolution
		Debug|Any CPU = Debug|Any CPU
		Release|Any CPU = Release|Any CPU
	EndGlobalSection
	GlobalSection(ProjectConfigurationPlatforms) = postSolution
		{8D142222-E001-41D9-AF8F-DCCE20357966}.Debug|Any CPU.ActiveCfg = Debug|Any CPU
		{8D142222-E001-41D9-AF8F-DCCE20357966}.Debug|Any CPU.Build.0 = Debug|Any CPU
		{8D142222-E001-41D9-AF8F-DCCE20357966}.Release|Any CPU.ActiveCfg = Release|Any CPU
		{8D142222-E001-41D9-AF8F-DCCE20357966}.Release|Any CPU.Build.0 = Release|Any CPU
	EndGlobalSection
	GlobalSection(SolutionProperties) = preSolution
		HideSolutionNode = FALSE
	EndGlobalSection
	GlobalSection(ExtensibilityGlobals) = postSolution
		SolutionGuid = {362B7E0F-9F5C-41EC-848E-AB5CB4B1B584}
	EndGlobalSection
EndGlobal
