
Microsoft Visual Studio Solution File, Format Version 12.00
# Visual Studio Version 16
VisualStudioVersion = 16.0.31112.23
MinimumVisualStudioVersion = 10.0.40219.1
Project("{FAE04EC0-301F-11D3-BF4B-00C04F79EFBC}") = "vEquip", "vEquip.csproj", "{DD816F4B-AC94-49BC-8EBD-618FF2F4F3BD}"
EndProject
Global
	GlobalSection(SolutionConfigurationPlatforms) = preSolution
		Debug|Any CPU = Debug|Any CPU
		Release|Any CPU = Release|Any CPU
	EndGlobalSection
	GlobalSection(ProjectConfigurationPlatforms) = postSolution
		{DD816F4B-AC94-49BC-8EBD-618FF2F4F3BD}.Debug|Any CPU.ActiveCfg = Debug|Any CPU
		{DD816F4B-AC94-49BC-8EBD-618FF2F4F3BD}.Debug|Any CPU.Build.0 = Debug|Any CPU
		{DD816F4B-AC94-49BC-8EBD-618FF2F4F3BD}.Release|Any CPU.ActiveCfg = Release|Any CPU
		{DD816F4B-AC94-49BC-8EBD-618FF2F4F3BD}.Release|Any CPU.Build.0 = Release|Any CPU
	EndGlobalSection
	GlobalSection(SolutionProperties) = preSolution
		HideSolutionNode = FALSE
	EndGlobalSection
	GlobalSection(ExtensibilityGlobals) = postSolution
		SolutionGuid = {8EE00D3E-7C82-4B30-81B1-2F7E7F5E7285}
	EndGlobalSection
EndGlobal
